
Microsoft Visual Studio Solution File, Format Version 12.00
# Visual Studio Version 16
VisualStudioVersion = 16.0.30320.27
MinimumVisualStudioVersion = 10.0.40219.1
Project("{FAE04EC0-301F-11D3-BF4B-00C04F79EFBC}") = "BlazorDemo1", "BlazorDemo1\BlazorDemo1.csproj", "{EAA2E46E-D6DC-4A4B-8295-65FB917463F1}"
EndProject
Project("{FAE04EC0-301F-11D3-BF4B-00C04F79EFBC}") = "BlazorApp2", "BlazorApp2\BlazorApp2.csproj", "{153C2D55-3824-44C6-B7C6-E67E10F8EF85}"
EndProject
Global
	GlobalSection(SolutionConfigurationPlatforms) = preSolution
		Debug|Any CPU = Debug|Any CPU
		Release|Any CPU = Release|Any CPU
	EndGlobalSection
	GlobalSection(ProjectConfigurationPlatforms) = postSolution
		{EAA2E46E-D6DC-4A4B-8295-65FB917463F1}.Debug|Any CPU.ActiveCfg = Debug|Any CPU
		{EAA2E46E-D6DC-4A4B-8295-65FB917463F1}.Debug|Any CPU.Build.0 = Debug|Any CPU
		{EAA2E46E-D6DC-4A4B-8295-65FB917463F1}.Release|Any CPU.ActiveCfg = Release|Any CPU
		{EAA2E46E-D6DC-4A4B-8295-65FB917463F1}.Release|Any CPU.Build.0 = Release|Any CPU
		{153C2D55-3824-44C6-B7C6-E67E10F8EF85}.Debug|Any CPU.ActiveCfg = Debug|Any CPU
		{153C2D55-3824-44C6-B7C6-E67E10F8EF85}.Debug|Any CPU.Build.0 = Debug|Any CPU
		{153C2D55-3824-44C6-B7C6-E67E10F8EF85}.Release|Any CPU.ActiveCfg = Release|Any CPU
		{153C2D55-3824-44C6-B7C6-E67E10F8EF85}.Release|Any CPU.Build.0 = Release|Any CPU
	EndGlobalSection
	GlobalSection(SolutionProperties) = preSolution
		HideSolutionNode = FALSE
	EndGlobalSection
	GlobalSection(ExtensibilityGlobals) = postSolution
		SolutionGuid = {55D1A93B-F966-41FA-9096-D7966481E2AB}
	EndGlobalSection
EndGlobal
